[[package]]
name = "networkx"
version = "3.2.1"
description = "Python package for creating and manipulating graphs and networks"
category = "main"
optional = false
python-versions = ">=3.9"

[package.extras]
default = ["numpy (>=1.22)", "scipy (>=1.9,!=1.11.0,!=1.11.1)", "matplotlib (>=3.5)", "pandas (>=1.4)"]
developer = ["changelist (==0.4)", "pre-commit (>=3.2)", "mypy (>=1.1)", "rtoml"]
doc = ["sphinx (>=7)", "pydata-sphinx-theme (>=0.14)", "sphinx-gallery (>=0.14)", "numpydoc (>=1.6)", "pillow (>=9.4)", "nb2plots (>=0.7)", "texext (>=0.6.7)", "nbconvert (<7.9)"]
extra = ["lxml (>=4.6)", "pygraphviz (>=1.11)", "pydot (>=1.4.2)", "sympy (>=1.10)"]
test = ["pytest (>=7.2)", "pytest-cov (>=4.0)"]

[[package]]
name = "numpy"
version = "1.26.3"
description = "Fundamental package for array computing in Python"
category = "main"
optional = false
python-versions = ">=3.9"

[[package]]
name = "shapely"
version = "2.0.2"
description = "Manipulation and analysis of geometric objects"
category = "main"
optional = false
python-versions = ">=3.7"

[package.dependencies]
numpy = ">=1.14"

[package.extras]
docs = ["numpydoc (>=1.1.0,<1.2.0)", "matplotlib", "sphinx", "sphinx-book-theme", "sphinx-remove-toctrees"]
test = ["pytest", "pytest-cov"]

[metadata]
lock-version = "1.1"
python-versions = "^3.10"
content-hash = "74ce0f85cce40635b7fe825f92c12738869c0de9d7c57797d33e9c2dc6acb2d6"

[metadata.files]
networkx = []
numpy = []
shapely = []
